
Microsoft Visual Studio Solution File, Format Version 12.00
# Visual Studio 15
Project("{FAE04EC0-301F-11D3-BF4B-00C04F79EFBC}") = "Assembly-CSharp", "Assembly-CSharp.csproj", "{BC707D23-6FF3-EBCE-65A2-BE897FA41ABC}"
EndProject
Global
	GlobalSection(SolutionConfigurationPlatforms) = preSolution
		Debug|Any CPU = Debug|Any CPU
		Release|Any CPU = Release|Any CPU
	EndGlobalSection
	GlobalSection(ProjectConfigurationPlatforms) = postSolution
		{BC707D23-6FF3-EBCE-65A2-BE897FA41ABC}.Debug|Any CPU.ActiveCfg = Debug|Any CPU
		{BC707D23-6FF3-EBCE-65A2-BE897FA41ABC}.Debug|Any CPU.Build.0 = Debug|Any CPU
		{BC707D23-6FF3-EBCE-65A2-BE897FA41ABC}.Release|Any CPU.ActiveCfg = Release|Any CPU
		{BC707D23-6FF3-EBCE-65A2-BE897FA41ABC}.Release|Any CPU.Build.0 = Release|Any CPU
	EndGlobalSection
	GlobalSection(SolutionProperties) = preSolution
		HideSolutionNode = FALSE
	EndGlobalSection
EndGlobal
